// !$*UTF8*$!
{
	archiveVersion = 1;
	classes = {
	};
	objectVersion = 55;
	objects = {

/* Begin PBXBuildFile section */
		2E1D72CE287CE01900C8DF60 /* DetailsViewController.swift in Sources */ = {isa = PBXBuildFile; fileRef = 2E1D72CD287CE01900C8DF60 /* DetailsViewController.swift */; };
		2EC0EBDD286BAF5100BE79E3 /* AppDelegate.swift in Sources */ = {isa = PBXBuildFile; fileRef = 2EC0EBDC286BAF5100BE79E3 /* AppDelegate.swift */; };
		2EC0EBDF286BAF5100BE79E3 /* SceneDelegate.swift in Sources */ = {isa = PBXBuildFile; fileRef = 2EC0EBDE286BAF5100BE79E3 /* SceneDelegate.swift */; };
		2EC0EBE1286BAF5100BE79E3 /* ViewController.swift in Sources */ = {isa = PBXBuildFile; fileRef = 2EC0EBE0286BAF5100BE79E3 /* ViewController.swift */; };
		2EC0EBE4286BAF5100BE79E3 /* Main.storyboard in Resources */ = {isa = PBXBuildFile; fileRef = 2EC0EBE2286BAF5100BE79E3 /* Main.storyboard */; };
		2EC0EBE6286BAF5200BE79E3 /* Assets.xcassets in Resources */ = {isa = PBXBuildFile; fileRef = 2EC0EBE5286BAF5200BE79E3 /* Assets.xcassets */; };
		2EC0EBE9286BAF5200BE79E3 /* LaunchScreen.storyboard in Resources */ = {isa = PBXBuildFile; fileRef = 2EC0EBE7286BAF5200BE79E3 /* LaunchScreen.storyboard */; };
		2EC0EBF2286BAFCA00BE79E3 /* Alamofire in Frameworks */ = {isa = PBXBuildFile; productRef = 2EC0EBF1286BAFCA00BE79E3 /* Alamofire */; };
		2EC0EBF5286BB0C600BE79E3 /* AlamofireImage in Frameworks */ = {isa = PBXBuildFile; productRef = 2EC0EBF4286BB0C600BE79E3 /* AlamofireImage */; };
		2EC0EBF8286BB12300BE79E3 /* Beer.swift in Sources */ = {isa = PBXBuildFile; fileRef = 2EC0EBF7286BB12300BE79E3 /* Beer.swift */; };
		2EC0EBFC286BB40700BE79E3 /* BeerItemTableViewCell.swift in Sources */ = {isa = PBXBuildFile; fileRef = 2EC0EBFA286BB40700BE79E3 /* BeerItemTableViewCell.swift */; };
		2EC0EBFD286BB40700BE79E3 /* BeerItemTableViewCell.xib in Resources */ = {isa = PBXBuildFile; fileRef = 2EC0EBFB286BB40700BE79E3 /* BeerItemTableViewCell.xib */; };
		2EE1B0A328779B0800C53FC3 /* NibReusable.swift in Sources */ = {isa = PBXBuildFile; fileRef = 2EE1B0A228779B0800C53FC3 /* NibReusable.swift */; };
		2EFC50B528786F5D00A41365 /* Network.swift in Sources */ = {isa = PBXBuildFile; fileRef = 2EFC50B428786F5D00A41365 /* Network.swift */; };
/* End PBXBuildFile section */

/* Begin PBXFileReference section */
		2E1D72CD287CE01900C8DF60 /* DetailsViewController.swift */ = {isa = PBXFileReference; lastKnownFileType = sourcecode.swift; path = DetailsViewController.swift; sourceTree = "<group>"; };
		2EC0EBD9286BAF5100BE79E3 /* BeerAppReloaded.app */ = {isa = PBXFileReference; explicitFileType = wrapper.application; includeInIndex = 0; path = BeerAppReloaded.app; sourceTree = BUILT_PRODUCTS_DIR; };
		2EC0EBDC286BAF5100BE79E3 /* AppDelegate.swift */ = {isa = PBXFileReference; lastKnownFileType = sourcecode.swift; path = AppDelegate.swift; sourceTree = "<group>"; };
		2EC0EBDE286BAF5100BE79E3 /* SceneDelegate.swift */ = {isa = PBXFileReference; lastKnownFileType = sourcecode.swift; path = SceneDelegate.swift; sourceTree = "<group>"; };
		2EC0EBE0286BAF5100BE79E3 /* ViewController.swift */ = {isa = PBXFileReference; lastKnownFileType = sourcecode.swift; path = ViewController.swift; sourceTree = "<group>"; };
		2EC0EBE3286BAF5100BE79E3 /* Base */ = {isa = PBXFileReference; lastKnownFileType = file.storyboard; name = Base; path = Base.lproj/Main.storyboard; sourceTree = "<group>"; };
		2EC0EBE5286BAF5200BE79E3 /* Assets.xcassets */ = {isa = PBXFileReference; lastKnownFileType = folder.assetcatalog; path = Assets.xcassets; sourceTree = "<group>"; };
		2EC0EBE8286BAF5200BE79E3 /* Base */ = {isa = PBXFileReference; lastKnownFileType = file.storyboard; name = Base; path = Base.lproj/LaunchScreen.storyboard; sourceTree = "<group>"; };
		2EC0EBEA286BAF5200BE79E3 /* Info.plist */ = {isa = PBXFileReference; lastKnownFileType = text.plist.xml; path = Info.plist; sourceTree = "<group>"; };
		2EC0EBF7286BB12300BE79E3 /* Beer.swift */ = {isa = PBXFileReference; lastKnownFileType = sourcecode.swift; path = Beer.swift; sourceTree = "<group>"; };
		2EC0EBFA286BB40700BE79E3 /* BeerItemTableViewCell.swift */ = {isa = PBXFileReference; lastKnownFileType = sourcecode.swift; path = BeerItemTableViewCell.swift; sourceTree = "<group>"; };
		2EC0EBFB286BB40700BE79E3 /* BeerItemTableViewCell.xib */ = {isa = PBXFileReference; lastKnownFileType = file.xib; path = BeerItemTableViewCell.xib; sourceTree = "<group>"; };
		2EE1B0A228779B0800C53FC3 /* NibReusable.swift */ = {isa = PBXFileReference; lastKnownFileType = sourcecode.swift; path = NibReusable.swift; sourceTree = "<group>"; };
		2EFC50B428786F5D00A41365 /* Network.swift */ = {isa = PBXFileReference; lastKnownFileType = sourcecode.swift; path = Network.swift; sourceTree = "<group>"; };
/* End PBXFileReference section */

/* Begin PBXFrameworksBuildPhase section */
		2EC0EBD6286BAF5100BE79E3 /* Frameworks */ = {
			isa = PBXFrameworksBuildPhase;
			buildActionMask = 2147483647;
			files = (
				2EC0EBF2286BAFCA00BE79E3 /* Alamofire in Frameworks */,
				2EC0EBF5286BB0C600BE79E3 /* AlamofireImage in Frameworks */,
			);
			runOnlyForDeploymentPostprocessing = 0;
		};
/* End PBXFrameworksBuildPhase section */

/* Begin PBXGroup section */
		2E979AA6287F8DE700E14230 /* New Group */ = {
			isa = PBXGroup;
			children = (
			);
			path = "New Group";
			sourceTree = "<group>";
		};
		2EC0EBD0286BAF5100BE79E3 = {
			isa = PBXGroup;
			children = (
				2EC0EBDB286BAF5100BE79E3 /* BeerAppReloaded */,
				2EC0EBDA286BAF5100BE79E3 /* Products */,
			);
			sourceTree = "<group>";
		};
		2EC0EBDA286BAF5100BE79E3 /* Products */ = {
			isa = PBXGroup;
			children = (
				2EC0EBD9286BAF5100BE79E3 /* BeerAppReloaded.app */,
			);
			name = Products;
			sourceTree = "<group>";
		};
		2EC0EBDB286BAF5100BE79E3 /* BeerAppReloaded */ = {
			isa = PBXGroup;
			children = (
				2EE1B0A128779AE200C53FC3 /* Utils */,
				2EC0EBF9286BB18D00BE79E3 /* Network */,
				2EC0EBF6286BB10100BE79E3 /* Model */,
				2EC0EBDC286BAF5100BE79E3 /* AppDelegate.swift */,
				2EC0EBDE286BAF5100BE79E3 /* SceneDelegate.swift */,
				2EC0EBE0286BAF5100BE79E3 /* ViewController.swift */,
				2EC0EBE2286BAF5100BE79E3 /* Main.storyboard */,
				2EC0EBE5286BAF5200BE79E3 /* Assets.xcassets */,
				2EC0EBE7286BAF5200BE79E3 /* LaunchScreen.storyboard */,
				2EC0EBEA286BAF5200BE79E3 /* Info.plist */,
				2EC0EBFA286BB40700BE79E3 /* BeerItemTableViewCell.swift */,
				2EC0EBFB286BB40700BE79E3 /* BeerItemTableViewCell.xib */,
				2E1D72CD287CE01900C8DF60 /* DetailsViewController.swift */,
				2E979AA6287F8DE700E14230 /* New Group */,
			);
			path = BeerAppReloaded;
			sourceTree = "<group>";
		};
		2EC0EBF6286BB10100BE79E3 /* Model */ = {
			isa = PBXGroup;
			children = (
				2EC0EBF7286BB12300BE79E3 /* Beer.swift */,
			);
			path = Model;
			sourceTree = "<group>";
		};
		2EC0EBF9286BB18D00BE79E3 /* Network */ = {
			isa = PBXGroup;
			children = (
				2EFC50B428786F5D00A41365 /* Network.swift */,
			);
			path = Network;
			sourceTree = "<group>";
		};
		2EE1B0A128779AE200C53FC3 /* Utils */ = {
			isa = PBXGroup;
			children = (
				2EE1B0A228779B0800C53FC3 /* NibReusable.swift */,
			);
			path = Utils;
			sourceTree = "<group>";
		};
/* End PBXGroup section */

/* Begin PBXNativeTarget section */
		2EC0EBD8286BAF5100BE79E3 /* BeerAppReloaded */ = {
			isa = PBXNativeTarget;
			buildConfigurationList = 2EC0EBED286BAF5200BE79E3 /* Build configuration list for PBXNativeTarget "BeerAppReloaded" */;
			buildPhases = (
				2EC0EBD5286BAF5100BE79E3 /* Sources */,
				2EC0EBD6286BAF5100BE79E3 /* Frameworks */,
				2EC0EBD7286BAF5100BE79E3 /* Resources */,
			);
			buildRules = (
			);
			dependencies = (
			);
			name = BeerAppReloaded;
			packageProductDependencies = (
				2EC0EBF1286BAFCA00BE79E3 /* Alamofire */,
				2EC0EBF4286BB0C600BE79E3 /* AlamofireImage */,
			);
			productName = BeerAppReloaded;
			productReference = 2EC0EBD9286BAF5100BE79E3 /* BeerAppReloaded.app */;
			productType = "com.apple.product-type.application";
		};
/* End PBXNativeTarget section */

/* Begin PBXProject section */
		2EC0EBD1286BAF5100BE79E3 /* Project object */ = {
			isa = PBXProject;
			attributes = {
				BuildIndependentTargetsInParallel = 1;
				LastSwiftUpdateCheck = 1340;
				LastUpgradeCheck = 1340;
				TargetAttributes = {
					2EC0EBD8286BAF5100BE79E3 = {
						CreatedOnToolsVersion = 13.4.1;
					};
				};
			};
			buildConfigurationList = 2EC0EBD4286BAF5100BE79E3 /* Build configuration list for PBXProject "BeerAppReloaded" */;
			compatibilityVersion = "Xcode 13.0";
			developmentRegion = en;
			hasScannedForEncodings = 0;
			knownRegions = (
				en,
				Base,
			);
			mainGroup = 2EC0EBD0286BAF5100BE79E3;
			packageReferences = (
				2EC0EBF0286BAFCA00BE79E3 /* XCRemoteSwiftPackageReference "Alamofire" */,
				2EC0EBF3286BB0C600BE79E3 /* XCRemoteSwiftPackageReference "AlamofireImage" */,
			);
			productRefGroup = 2EC0EBDA286BAF5100BE79E3 /* Products */;
			projectDirPath = "";
			projectRoot = "";
			targets = (
				2EC0EBD8286BAF5100BE79E3 /* BeerAppReloaded */,
			);
		};
/* End PBXProject section */

/* Begin PBXResourcesBuildPhase section */
		2EC0EBD7286BAF5100BE79E3 /* Resources */ = {
			isa = PBXResourcesBuildPhase;
			buildActionMask = 2147483647;
			files = (
				2EC0EBE9286BAF5200BE79E3 /* LaunchScreen.storyboard in Resources */,
				2EC0EBE6286BAF5200BE79E3 /* Assets.xcassets in Resources */,
				2EC0EBFD286BB40700BE79E3 /* BeerItemTableViewCell.xib in Resources */,
				2EC0EBE4286BAF5100BE79E3 /* Main.storyboard in Resources */,
			);
			runOnlyForDeploymentPostprocessing = 0;
		};
/* End PBXResourcesBuildPhase section */

/* Begin PBXSourcesBuildPhase section */
		2EC0EBD5286BAF5100BE79E3 /* Sources */ = {
			isa = PBXSourcesBuildPhase;
			buildActionMask = 2147483647;
			files = (
				2EE1B0A328779B0800C53FC3 /* NibReusable.swift in Sources */,
				2EC0EBE1286BAF5100BE79E3 /* ViewController.swift in Sources */,
				2EC0EBDD286BAF5100BE79E3 /* AppDelegate.swift in Sources */,
				2E1D72CE287CE01900C8DF60 /* DetailsViewController.swift in Sources */,
				2EC0EBDF286BAF5100BE79E3 /* SceneDelegate.swift in Sources */,
				2EC0EBFC286BB40700BE79E3 /* BeerItemTableViewCell.swift in Sources */,
				2EFC50B528786F5D00A41365 /* Network.swift in Sources */,
				2EC0EBF8286BB12300BE79E3 /* Beer.swift in Sources */,
			);
			runOnlyForDeploymentPostprocessing = 0;
		};
/* End PBXSourcesBuildPhase section */

/* Begin PBXVariantGroup section */
		2EC0EBE2286BAF5100BE79E3 /* Main.storyboard */ = {
			isa = PBXVariantGroup;
			children = (
				2EC0EBE3286BAF5100BE79E3 /* Base */,
			);
			name = Main.storyboard;
			sourceTree = "<group>";
		};
		2EC0EBE7286BAF5200BE79E3 /* LaunchScreen.storyboard */ = {
			isa = PBXVariantGroup;
			children = (
				2EC0EBE8286BAF5200BE79E3 /* Base */,
			);
			name = LaunchScreen.storyboard;
			sourceTree = "<group>";
		};
/* End PBXVariantGroup section */

/* Begin XCBuildConfiguration section */
		2EC0EBEB286BAF5200BE79E3 /* Debug */ = {
			isa = XCBuildConfiguration;
			buildSettings = {
				ALWAYS_SEARCH_USER_PATHS = NO;
				CLANG_ANALYZER_NONNULL = YES;
				CLANG_ANALYZER_NUMBER_OBJECT_CONVERSION = YES_AGGRESSIVE;
				CLANG_CXX_LANGUAGE_STANDARD = "gnu++17";
				CLANG_ENABLE_MODULES = YES;
				CLANG_ENABLE_OBJC_ARC = YES;
				CLANG_ENABLE_OBJC_WEAK = YES;
				CLANG_WARN_BLOCK_CAPTURE_AUTORELEASING = YES;
				CLANG_WARN_BOOL_CONVERSION = YES;
				CLANG_WARN_COMMA = YES;
				CLANG_WARN_CONSTANT_CONVERSION = YES;
				CLANG_WARN_DEPRECATED_OBJC_IMPLEMENTATIONS = YES;
				CLANG_WARN_DIRECT_OBJC_ISA_USAGE = YES_ERROR;
				CLANG_WARN_DOCUMENTATION_COMMENTS = YES;
				CLANG_WARN_EMPTY_BODY = YES;
				CLANG_WARN_ENUM_CONVERSION = YES;
				CLANG_WARN_INFINITE_RECURSION = YES;
				CLANG_WARN_INT_CONVERSION = YES;
				CLANG_WARN_NON_LITERAL_NULL_CONVERSION = YES;
				CLANG_WARN_OBJC_IMPLICIT_RETAIN_SELF = YES;
				CLANG_WARN_OBJC_LITERAL_CONVERSION = YES;
				CLANG_WARN_OBJC_ROOT_CLASS = YES_ERROR;
				CLANG_WARN_QUOTED_INCLUDE_IN_FRAMEWORK_HEADER = YES;
				CLANG_WARN_RANGE_LOOP_ANALYSIS = YES;
				CLANG_WARN_STRICT_PROTOTYPES = YES;
				CLANG_WARN_SUSPICIOUS_MOVE = YES;
				CLANG_WARN_UNGUARDED_AVAILABILITY = YES_AGGRESSIVE;
				CLANG_WARN_UNREACHABLE_CODE = YES;
				CLANG_WARN__DUPLICATE_METHOD_MATCH = YES;
				COPY_PHASE_STRIP = NO;
				DEBUG_INFORMATION_FORMAT = dwarf;
				ENABLE_STRICT_OBJC_MSGSEND = YES;
				ENABLE_TESTABILITY = YES;
				GCC_C_LANGUAGE_STANDARD = gnu11;
				GCC_DYNAMIC_NO_PIC = NO;
				GCC_NO_COMMON_BLOCKS = YES;
				GCC_OPTIMIZATION_LEVEL = 0;
				GCC_PREPROCESSOR_DEFINITIONS = (
					"DEBUG=1",
					"$(inherited)",
				);
				GCC_WARN_64_TO_32_BIT_CONVERSION = YES;
				GCC_WARN_ABOUT_RETURN_TYPE = YES_ERROR;
				GCC_WARN_UNDECLARED_SELECTOR = YES;
				GCC_WARN_UNINITIALIZED_AUTOS = YES_AGGRESSIVE;
				GCC_WARN_UNUSED_FUNCTION = YES;
				GCC_WARN_UNUSED_VARIABLE = YES;
				IPHONEOS_DEPLOYMENT_TARGET = 15.5;
				MTL_ENABLE_DEBUG_INFO = INCLUDE_SOURCE;
				MTL_FAST_MATH = YES;
				ONLY_ACTIVE_ARCH = YES;
				SDKROOT = iphoneos;
				SWIFT_ACTIVE_COMPILATION_CONDITIONS = DEBUG;
				SWIFT_OPTIMIZATION_LEVEL = "-Onone";
			};
			name = Debug;
		};
		2EC0EBEC286BAF5200BE79E3 /* Release */ = {
			isa = XCBuildConfiguration;
			buildSettings = {
				ALWAYS_SEARCH_USER_PATHS = NO;
				CLANG_ANALYZER_NONNULL = YES;
				CLANG_ANALYZER_NUMBER_OBJECT_CONVERSION = YES_AGGRESSIVE;
				CLANG_CXX_LANGUAGE_STANDARD = "gnu++17";
				CLANG_ENABLE_MODULES = YES;
				CLANG_ENABLE_OBJC_ARC = YES;
				CLANG_ENABLE_OBJC_WEAK = YES;
				CLANG_WARN_BLOCK_CAPTURE_AUTORELEASING = YES;
				CLANG_WARN_BOOL_CONVERSION = YES;
				CLANG_WARN_COMMA = YES;
				CLANG_WARN_CONSTANT_CONVERSION = YES;
				CLANG_WARN_DEPRECATED_OBJC_IMPLEMENTATIONS = YES;
				CLANG_WARN_DIRECT_OBJC_ISA_USAGE = YES_ERROR;
				CLANG_WARN_DOCUMENTATION_COMMENTS = YES;
				CLANG_WARN_EMPTY_BODY = YES;
				CLANG_WARN_ENUM_CONVERSION = YES;
				CLANG_WARN_INFINITE_RECURSION = YES;
				CLANG_WARN_INT_CONVERSION = YES;
				CLANG_WARN_NON_LITERAL_NULL_CONVERSION = YES;
				CLANG_WARN_OBJC_IMPLICIT_RETAIN_SELF = YES;
				CLANG_WARN_OBJC_LITERAL_CONVERSION = YES;
				CLANG_WARN_OBJC_ROOT_CLASS = YES_ERROR;
				CLANG_WARN_QUOTED_INCLUDE_IN_FRAMEWORK_HEADER = YES;
				CLANG_WARN_RANGE_LOOP_ANALYSIS = YES;
				CLANG_WARN_STRICT_PROTOTYPES = YES;
				CLANG_WARN_SUSPICIOUS_MOVE = YES;
				CLANG_WARN_UNGUARDED_AVAILABILITY = YES_AGGRESSIVE;
				CLANG_WARN_UNREACHABLE_CODE = YES;
				CLANG_WARN__DUPLICATE_METHOD_MATCH = YES;
				COPY_PHASE_STRIP = NO;
				DEBUG_INFORMATION_FORMAT = "dwarf-with-dsym";
				ENABLE_NS_ASSERTIONS = NO;
				ENABLE_STRICT_OBJC_MSGSEND = YES;
				GCC_C_LANGUAGE_STANDARD = gnu11;
				GCC_NO_COMMON_BLOCKS = YES;
				GCC_WARN_64_TO_32_BIT_CONVERSION = YES;
				GCC_WARN_ABOUT_RETURN_TYPE = YES_ERROR;
				GCC_WARN_UNDECLARED_SELECTOR = YES;
				GCC_WARN_UNINITIALIZED_AUTOS = YES_AGGRESSIVE;
				GCC_WARN_UNUSED_FUNCTION = YES;
				GCC_WARN_UNUSED_VARIABLE = YES;
				IPHONEOS_DEPLOYMENT_TARGET = 15.5;
				MTL_ENABLE_DEBUG_INFO = NO;
				MTL_FAST_MATH = YES;
				SDKROOT = iphoneos;
				SWIFT_COMPILATION_MODE = wholemodule;
				SWIFT_OPTIMIZATION_LEVEL = "-O";
				VALIDATE_PRODUCT = YES;
			};
			name = Release;
		};
		2EC0EBEE286BAF5200BE79E3 /* Debug */ = {
			isa = XCBuildConfiguration;
			buildSettings = {
				ASSETCATALOG_COMPILER_APPICON_NAME = AppIcon;
				ASSETCATALOG_COMPILER_GLOBAL_ACCENT_COLOR_NAME = AccentColor;
				CODE_SIGN_STYLE = Automatic;
				CURRENT_PROJECT_VERSION = 1;
				DEVELOPMENT_TEAM = YJ54898H9K;
				GENERATE_INFOPLIST_FILE = YES;
				INFOPLIST_FILE = BeerAppReloaded/Info.plist;
				INFOPLIST_KEY_UIApplicationSupportsIndirectInputEvents = YES;
				INFOPLIST_KEY_UILaunchStoryboardName = LaunchScreen;
				INFOPLIST_KEY_UIMainStoryboardFile = Main;
				INFOPLIST_KEY_UISupportedInterfaceOrientations_iPad = "UIInterfaceOrientationPortrait UIInterfaceOrientationPortraitUpsideDown UIInterfaceOrientationLandscapeLeft UIInterfaceOrientationLandscapeRight";
				INFOPLIST_KEY_UISupportedInterfaceOrientations_iPhone = "UIInterfaceOrientationPortrait UIInterfaceOrientationLandscapeLeft UIInterfaceOrientationLandscapeRight";
				LD_RUNPATH_SEARCH_PATHS = (
					"$(inherited)",
					"@executable_path/Frameworks",
				);
				MARKETING_VERSION = 1.0;
				PRODUCT_BUNDLE_IDENTIFIER = com.cecilia.BeerAppReloaded;
				PRODUCT_NAME = "$(TARGET_NAME)";
				SWIFT_EMIT_LOC_STRINGS = YES;
				SWIFT_VERSION = 5.0;
				TARGETED_DEVICE_FAMILY = "1,2";
			};
			name = Debug;
		};
		2EC0EBEF286BAF5200BE79E3 /* Release */ = {
			isa = XCBuildConfiguration;
			buildSettings = {
				ASSETCATALOG_COMPILER_APPICON_NAME = AppIcon;
				ASSETCATALOG_COMPILER_GLOBAL_ACCENT_COLOR_NAME = AccentColor;
				CODE_SIGN_STYLE = Automatic;
				CURRENT_PROJECT_VERSION = 1;
				DEVELOPMENT_TEAM = YJ54898H9K;
				GENERATE_INFOPLIST_FILE = YES;
				INFOPLIST_FILE = BeerAppReloaded/Info.plist;
				INFOPLIST_KEY_UIApplicationSupportsIndirectInputEvents = YES;
				INFOPLIST_KEY_UILaunchStoryboardName = LaunchScreen;
				INFOPLIST_KEY_UIMainStoryboardFile = Main;
				INFOPLIST_KEY_UISupportedInterfaceOrientations_iPad = "UIInterfaceOrientationPortrait UIInterfaceOrientationPortraitUpsideDown UIInterfaceOrientationLandscapeLeft UIInterfaceOrientationLandscapeRight";
				INFOPLIST_KEY_UISupportedInterfaceOrientations_iPhone = "UIInterfaceOrientationPortrait UIInterfaceOrientationLandscapeLeft UIInterfaceOrientationLandscapeRight";
				LD_RUNPATH_SEARCH_PATHS = (
					"$(inherited)",
					"@executable_path/Frameworks",
				);
				MARKETING_VERSION = 1.0;
				PRODUCT_BUNDLE_IDENTIFIER = com.cecilia.BeerAppReloaded;
				PRODUCT_NAME = "$(TARGET_NAME)";
				SWIFT_EMIT_LOC_STRINGS = YES;
				SWIFT_VERSION = 5.0;
				TARGETED_DEVICE_FAMILY = "1,2";
			};
			name = Release;
		};
/* End XCBuildConfiguration section */

/* Begin XCConfigurationList section */
		2EC0EBD4286BAF5100BE79E3 /* Build configuration list for PBXProject "BeerAppReloaded" */ = {
			isa = XCConfigurationList;
			buildConfigurations = (
				2EC0EBEB286BAF5200BE79E3 /* Debug */,
				2EC0EBEC286BAF5200BE79E3 /* Release */,
			);
			defaultConfigurationIsVisible = 0;
			defaultConfigurationName = Release;
		};
		2EC0EBED286BAF5200BE79E3 /* Build configuration list for PBXNativeTarget "BeerAppReloaded" */ = {
			isa = XCConfigurationList;
			buildConfigurations = (
				2EC0EBEE286BAF5200BE79E3 /* Debug */,
				2EC0EBEF286BAF5200BE79E3 /* Release */,
			);
			defaultConfigurationIsVisible = 0;
			defaultConfigurationName = Release;
		};
/* End XCConfigurationList section */

/* Begin XCRemoteSwiftPackageReference section */
		2EC0EBF0286BAFCA00BE79E3 /* XCRemoteSwiftPackageReference "Alamofire" */ = {
			isa = XCRemoteSwiftPackageReference;
			repositoryURL = "https://github.com/Alamofire/Alamofire.git";
			requirement = {
				branch = master;
				kind = branch;
			};
		};
		2EC0EBF3286BB0C600BE79E3 /* XCRemoteSwiftPackageReference "AlamofireImage" */ = {
			isa = XCRemoteSwiftPackageReference;
			repositoryURL = "https://github.com/Alamofire/AlamofireImage.git";
			requirement = {
				kind = upToNextMajorVersion;
				minimumVersion = 4.0.0;
			};
		};
/* End XCRemoteSwiftPackageReference section */

/* Begin XCSwiftPackageProductDependency section */
		2EC0EBF1286BAFCA00BE79E3 /* Alamofire */ = {
			isa = XCSwiftPackageProductDependency;
			package = 2EC0EBF0286BAFCA00BE79E3 /* XCRemoteSwiftPackageReference "Alamofire" */;
			productName = Alamofire;
		};
		2EC0EBF4286BB0C600BE79E3 /* AlamofireImage */ = {
			isa = XCSwiftPackageProductDependency;
			package = 2EC0EBF3286BB0C600BE79E3 /* XCRemoteSwiftPackageReference "AlamofireImage" */;
			productName = AlamofireImage;
		};
/* End XCSwiftPackageProductDependency section */
	};
	rootObject = 2EC0EBD1286BAF5100BE79E3 /* Project object */;
}
